
Microsoft Visual Studio Solution File, Format Version 12.00
# Visual Studio 15
VisualStudioVersion = 15.0.28307.168
MinimumVisualStudioVersion = 10.0.40219.1
Project("{FAE04EC0-301F-11D3-BF4B-00C04F79EFBC}") = "Microsoft.BPerf.StackViewer", "Microsoft.BPerf.StackViewer\Microsoft.BPerf.StackViewer.csproj", "{D97BBB84-D818-4482-909C-387827165626}"
EndProject
Project("{FAE04EC0-301F-11D3-BF4B-00C04F79EFBC}") = "Microsoft.BPerf.ModuleInformation.Abstractions", "Microsoft.BPerf.ModuleInformation.Abstractions\Microsoft.BPerf.ModuleInformation.Abstractions.csproj", "{4E5B8013-9E3B-41AF-B9FE-955F54D034B2}"
EndProject
Project("{FAE04EC0-301F-11D3-BF4B-00C04F79EFBC}") = "Microsoft.BPerf.StackInformation.Etw", "Microsoft.BPerf.StackInformation.Etw\Microsoft.BPerf.StackInformation.Etw.csproj", "{C438BF26-6991-4911-9416-99BB85226E7E}"
EndProject
Project("{FAE04EC0-301F-11D3-BF4B-00C04F79EFBC}") = "Microsoft.Diagnostics.Tracing.Stacks", "Microsoft.Diagnostics.Tracing.Stacks\Microsoft.Diagnostics.Tracing.Stacks.csproj", "{FD98DA79-B53D-460C-92DF-357005C48A10}"
EndProject
Project("{FAE04EC0-301F-11D3-BF4B-00C04F79EFBC}") = "Microsoft.BPerf.SymbolicInformation.ProgramDatabase", "Microsoft.BPerf.SymbolicInformation.ProgramDatabase\Microsoft.BPerf.SymbolicInformation.ProgramDatabase.csproj", "{8BE84DAB-E793-47E3-82D2-7478A88E08F6}"
EndProject
Project("{FAE04EC0-301F-11D3-BF4B-00C04F79EFBC}") = "Microsoft.BPerf.Internal.CabExtraction", "Microsoft.BPerf.Internal.CabExtraction\Microsoft.BPerf.Internal.CabExtraction.csproj", "{85A1E1A7-FB2A-4026-8C4E-029637799367}"
EndProject
Project("{FAE04EC0-301F-11D3-BF4B-00C04F79EFBC}") = "Microsoft.BPerf.StackAggregation", "Microsoft.BPerf.StackAggregation\Microsoft.BPerf.StackAggregation.csproj", "{C81546AB-BFDE-46B6-9193-D848EF6E00AA}"
EndProject
Project("{FAE04EC0-301F-11D3-BF4B-00C04F79EFBC}") = "Microsoft.BPerf.SymbolicInformation.Interfaces", "Microsoft.BPerf.SymbolicInformation.Interfaces\Microsoft.BPerf.SymbolicInformation.Interfaces.csproj", "{710944E8-8B55-4C4A-8C3D-9993AF0CEC2B}"
EndProject
Project("{FAE04EC0-301F-11D3-BF4B-00C04F79EFBC}") = "Microsoft.BPerf.SymbolServer.Interfaces", "Microsoft.BPerf.SymbolServer.Interfaces\Microsoft.BPerf.SymbolServer.Interfaces.csproj", "{218EBA63-B5CD-4036-BCF4-B7DEFEB5F94A}"
EndProject
Project("{FAE04EC0-301F-11D3-BF4B-00C04F79EFBC}") = "Microsoft.BPerf.PdbSymbolReader.Interfaces", "Microsoft.BPerf.PdbSymbolReader.Interfaces\Microsoft.BPerf.PdbSymbolReader.Interfaces.csproj", "{8C97A0A7-F5C6-46E1-8371-E91739C7B154}"
EndProject
Global
	GlobalSection(SolutionConfigurationPlatforms) = preSolution
		Debug|Any CPU = Debug|Any CPU
		Release|Any CPU = Release|Any CPU
	EndGlobalSection
	GlobalSection(ProjectConfigurationPlatforms) = postSolution
		{D97BBB84-D818-4482-909C-387827165626}.Debug|Any CPU.ActiveCfg = Debug|Any CPU
		{D97BBB84-D818-4482-909C-387827165626}.Debug|Any CPU.Build.0 = Debug|Any CPU
		{D97BBB84-D818-4482-909C-387827165626}.Release|Any CPU.ActiveCfg = Release|Any CPU
		{D97BBB84-D818-4482-909C-387827165626}.Release|Any CPU.Build.0 = Release|Any CPU
		{4E5B8013-9E3B-41AF-B9FE-955F54D034B2}.Debug|Any CPU.ActiveCfg = Debug|Any CPU
		{4E5B8013-9E3B-41AF-B9FE-955F54D034B2}.Debug|Any CPU.Build.0 = Debug|Any CPU
		{4E5B8013-9E3B-41AF-B9FE-955F54D034B2}.Release|Any CPU.ActiveCfg = Release|Any CPU
		{4E5B8013-9E3B-41AF-B9FE-955F54D034B2}.Release|Any CPU.Build.0 = Release|Any CPU
		{C438BF26-6991-4911-9416-99BB85226E7E}.Debug|Any CPU.ActiveCfg = Debug|Any CPU
		{C438BF26-6991-4911-9416-99BB85226E7E}.Debug|Any CPU.Build.0 = Debug|Any CPU
		{C438BF26-6991-4911-9416-99BB85226E7E}.Release|Any CPU.ActiveCfg = Release|Any CPU
		{C438BF26-6991-4911-9416-99BB85226E7E}.Release|Any CPU.Build.0 = Release|Any CPU
		{FD98DA79-B53D-460C-92DF-357005C48A10}.Debug|Any CPU.ActiveCfg = Debug|Any CPU
		{FD98DA79-B53D-460C-92DF-357005C48A10}.Debug|Any CPU.Build.0 = Debug|Any CPU
		{FD98DA79-B53D-460C-92DF-357005C48A10}.Release|Any CPU.ActiveCfg = Release|Any CPU
		{FD98DA79-B53D-460C-92DF-357005C48A10}.Release|Any CPU.Build.0 = Release|Any CPU
		{8BE84DAB-E793-47E3-82D2-7478A88E08F6}.Debug|Any CPU.ActiveCfg = Debug|Any CPU
		{8BE84DAB-E793-47E3-82D2-7478A88E08F6}.Debug|Any CPU.Build.0 = Debug|Any CPU
		{8BE84DAB-E793-47E3-82D2-7478A88E08F6}.Release|Any CPU.ActiveCfg = Release|Any CPU
		{8BE84DAB-E793-47E3-82D2-7478A88E08F6}.Release|Any CPU.Build.0 = Release|Any CPU
		{85A1E1A7-FB2A-4026-8C4E-029637799367}.Debug|Any CPU.ActiveCfg = Debug|Any CPU
		{85A1E1A7-FB2A-4026-8C4E-029637799367}.Debug|Any CPU.Build.0 = Debug|Any CPU
		{85A1E1A7-FB2A-4026-8C4E-029637799367}.Release|Any CPU.ActiveCfg = Release|Any CPU
		{85A1E1A7-FB2A-4026-8C4E-029637799367}.Release|Any CPU.Build.0 = Release|Any CPU
		{C81546AB-BFDE-46B6-9193-D848EF6E00AA}.Debug|Any CPU.ActiveCfg = Debug|Any CPU
		{C81546AB-BFDE-46B6-9193-D848EF6E00AA}.Debug|Any CPU.Build.0 = Debug|Any CPU
		{C81546AB-BFDE-46B6-9193-D848EF6E00AA}.Release|Any CPU.ActiveCfg = Release|Any CPU
		{C81546AB-BFDE-46B6-9193-D848EF6E00AA}.Release|Any CPU.Build.0 = Release|Any CPU
		{710944E8-8B55-4C4A-8C3D-9993AF0CEC2B}.Debug|Any CPU.ActiveCfg = Debug|Any CPU
		{710944E8-8B55-4C4A-8C3D-9993AF0CEC2B}.Debug|Any CPU.Build.0 = Debug|Any CPU
		{710944E8-8B55-4C4A-8C3D-9993AF0CEC2B}.Release|Any CPU.ActiveCfg = Release|Any CPU
		{710944E8-8B55-4C4A-8C3D-9993AF0CEC2B}.Release|Any CPU.Build.0 = Release|Any CPU
		{218EBA63-B5CD-4036-BCF4-B7DEFEB5F94A}.Debug|Any CPU.ActiveCfg = Debug|Any CPU
		{218EBA63-B5CD-4036-BCF4-B7DEFEB5F94A}.Debug|Any CPU.Build.0 = Debug|Any CPU
		{218EBA63-B5CD-4036-BCF4-B7DEFEB5F94A}.Release|Any CPU.ActiveCfg = Release|Any CPU
		{218EBA63-B5CD-4036-BCF4-B7DEFEB5F94A}.Release|Any CPU.Build.0 = Release|Any CPU
		{8C97A0A7-F5C6-46E1-8371-E91739C7B154}.Debug|Any CPU.ActiveCfg = Debug|Any CPU
		{8C97A0A7-F5C6-46E1-8371-E91739C7B154}.Debug|Any CPU.Build.0 = Debug|Any CPU
		{8C97A0A7-F5C6-46E1-8371-E91739C7B154}.Release|Any CPU.ActiveCfg = Release|Any CPU
		{8C97A0A7-F5C6-46E1-8371-E91739C7B154}.Release|Any CPU.Build.0 = Release|Any CPU
	EndGlobalSection
	GlobalSection(SolutionProperties) = preSolution
		HideSolutionNode = FALSE
	EndGlobalSection
	GlobalSection(ExtensibilityGlobals) = postSolution
		SolutionGuid = {4988043D-C024-486A-8065-A6E9DEB7B888}
	EndGlobalSection
EndGlobal
