<?xml version="1.0" encoding="utf-8"?>
<Project ToolsVersion="4.0" xmlns="http://schemas.microsoft.com/developer/msbuild/2003">
  <ItemGroup>
    <Filter Include="Source Files">
      <UniqueIdentifier>{4FC737F1-C7A5-4376-A066-2A32D752A2FF}</UniqueIdentifier>
      <Extensions>cpp;c;cc;cxx;def;odl;idl;hpj;bat;asm;asmx</Extensions>
    </Filter>
    <Filter Include="Header Files">
      <UniqueIdentifier>{93995380-89BD-4b04-88EB-625FBE52EBFB}</UniqueIdentifier>
      <Extensions>h;hh;hpp;hxx;hm;inl;inc;xsd</Extensions>
    </Filter>
    <Filter Include="Resource Files">
      <UniqueIdentifier>{67DA6AB6-F800-4c08-8B7A-83BB121AAD01}</UniqueIdentifier>
      <Extensions>rc;ico;cur;bmp;dlg;rc2;rct;bin;rgs;gif;jpg;jpeg;jpe;resx;tiff;tif;png;wav;mfcribbon-ms</Extensions>
    </Filter>
  </ItemGroup>
  <ItemGroup>
    <ClInclude Include="sqlite3.h">
      <Filter>Header Files</Filter>
    </ClInclude>
    <ClInclude Include="profiler_pal.h">
      <Filter>Header Files</Filter>
    </ClInclude>
    <ClInclude Include="ClassFactory.h">
      <Filter>Header Files</Filter>
    </ClInclude>
    <ClInclude Include="BPerfProfiler.h">
      <Filter>Header Files</Filter>
    </ClInclude>
    <ClInclude Include="CComPtr.h">
      <Filter>Header Files</Filter>
    </ClInclude>
    <ClInclude Include="CQuickBytes.h">
      <Filter>Header Files</Filter>
    </ClInclude>
    <ClInclude Include="EtwEvent.h">
      <Filter>Header Files</Filter>
    </ClInclude>
    <ClInclude Include="ThreadSafeQueue.h">
      <Filter>Header Files</Filter>
    </ClInclude>
    <ClInclude Include="JITCompilationStartedEvent.h">
      <Filter>Header Files</Filter>
    </ClInclude>
    <ClInclude Include="AppDomainLoadEvent.h">
      <Filter>Header Files</Filter>
    </ClInclude>
    <ClInclude Include="SQLiteEventLogger.h">
      <Filter>Header Files</Filter>
    </ClInclude>
    <ClInclude Include="SQLiteSerializer.h">
      <Filter>Header Files</Filter>
    </ClInclude>
    <ClInclude Include="AppDomainUnloadEvent.h">
      <Filter>Header Files</Filter>
    </ClInclude>
    <ClInclude Include="AssemblyLoadEvent.h">
      <Filter>Header Files</Filter>
    </ClInclude>
    <ClInclude Include="AssemblyUnloadEvent.h">
      <Filter>Header Files</Filter>
    </ClInclude>
    <ClInclude Include="sha1.h">
      <Filter>Header Files</Filter>
    </ClInclude>
    <ClInclude Include="ModuleLoadEvent.h">
      <Filter>Header Files</Filter>
    </ClInclude>
    <ClInclude Include="ModuleUnloadEvent.h">
      <Filter>Header Files</Filter>
    </ClInclude>
    <ClInclude Include="JITCompilationFinishedEvent.h">
      <Filter>Header Files</Filter>
    </ClInclude>
    <ClInclude Include="MethodILToNativeMapEvent.h">
      <Filter>Header Files</Filter>
    </ClInclude>
    <ClInclude Include="MethodUnloadEvent.h">
      <Filter>Header Files</Filter>
    </ClInclude>
    <ClInclude Include="Serializer.h">
      <Filter>Header Files</Filter>
    </ClInclude>
    <ClInclude Include="RuntimeInformationEvent.h">
      <Filter>Header Files</Filter>
    </ClInclude>
    <ClInclude Include="ShutdownEvent.h">
      <Filter>Header Files</Filter>
    </ClInclude>
    <ClInclude Include="PortableString.h">
      <Filter>Header Files</Filter>
    </ClInclude>
    <ClInclude Include="GuidDef.h">
      <Filter>Header Files</Filter>
    </ClInclude>
    <ClInclude Include="HeartBeatEvent.h">
      <Filter>Header Files</Filter>
    </ClInclude>
    <ClInclude Include="StartupEvent.h">
      <Filter>Header Files</Filter>
    </ClInclude>
    <ClInclude Include="ILRewriter.h">
      <Filter>Header Files</Filter>
    </ClInclude>
    <ClInclude Include="RundownList.h">
      <Filter>Header Files</Filter>
    </ClInclude>
    <ClInclude Include="RundownListNode.h">
      <Filter>Header Files</Filter>
    </ClInclude>
    <ClInclude Include="EtwLogger.Generated.h">
      <Filter>Header Files</Filter>
    </ClInclude>
    <ClInclude Include="EtwLogger.h">
      <Filter>Header Files</Filter>
    </ClInclude>
    <ClInclude Include="MethodEnterEvent.h">
      <Filter>Header Files</Filter>
    </ClInclude>
  </ItemGroup>
  <ItemGroup>
    <ClCompile Include="dllmain.cpp">
      <Filter>Source Files</Filter>
    </ClCompile>
    <ClCompile Include="sqlite3.c">
      <Filter>Source Files</Filter>
    </ClCompile>
    <ClCompile Include="ClassFactory.cpp">
      <Filter>Source Files</Filter>
    </ClCompile>
    <ClCompile Include="BPerfProfiler.cpp">
      <Filter>Source Files</Filter>
    </ClCompile>
    <ClCompile Include="PrettyPrintSig.cpp">
      <Filter>Source Files</Filter>
    </ClCompile>
    <ClCompile Include="SQLiteSerializer.cpp">
      <Filter>Source Files</Filter>
    </ClCompile>
    <ClCompile Include="sha1.cpp">
      <Filter>Source Files</Filter>
    </ClCompile>
    <ClCompile Include="BPerfProfiler.PrivateHelpers.cpp">
      <Filter>Source Files</Filter>
    </ClCompile>
    <ClCompile Include="AssemblyUnloadEvent.cpp">
      <Filter>Source Files</Filter>
    </ClCompile>
    <ClCompile Include="AssemblyLoadEvent.cpp">
      <Filter>Source Files</Filter>
    </ClCompile>
    <ClCompile Include="AppDomainLoadEvent.cpp">
      <Filter>Source Files</Filter>
    </ClCompile>
    <ClCompile Include="AppDomainUnloadEvent.cpp">
      <Filter>Source Files</Filter>
    </ClCompile>
    <ClCompile Include="EtwEvent.cpp">
      <Filter>Source Files</Filter>
    </ClCompile>
    <ClCompile Include="JITCompilationFinishedEvent.cpp">
      <Filter>Source Files</Filter>
    </ClCompile>
    <ClCompile Include="JITCompilationStartedEvent.cpp">
      <Filter>Source Files</Filter>
    </ClCompile>
    <ClCompile Include="MethodILToNativeMapEvent.cpp">
      <Filter>Source Files</Filter>
    </ClCompile>
    <ClCompile Include="MethodUnloadEvent.cpp">
      <Filter>Source Files</Filter>
    </ClCompile>
    <ClCompile Include="ModuleLoadEvent.cpp">
      <Filter>Source Files</Filter>
    </ClCompile>
    <ClCompile Include="ModuleUnloadEvent.cpp">
      <Filter>Source Files</Filter>
    </ClCompile>
    <ClCompile Include="CQuickBytes.cpp">
      <Filter>Source Files</Filter>
    </ClCompile>
    <ClCompile Include="RuntimeInformationEvent.cpp">
      <Filter>Source Files</Filter>
    </ClCompile>
    <ClCompile Include="ShutdownEvent.cpp">
      <Filter>Source Files</Filter>
    </ClCompile>
    <ClCompile Include="SQLiteEventLogger.cpp">
      <Filter>Source Files</Filter>
    </ClCompile>
    <ClCompile Include="HeartBeatEvent.cpp">
      <Filter>Source Files</Filter>
    </ClCompile>
    <ClCompile Include="StartupEvent.cpp">
      <Filter>Source Files</Filter>
    </ClCompile>
    <ClCompile Include="ILRewriter.cpp">
      <Filter>Source Files</Filter>
    </ClCompile>
    <ClCompile Include="MethodEnterEvent.cpp">
      <Filter>Source Files</Filter>
    </ClCompile>
  </ItemGroup>
</Project>